
Microsoft Visual Studio Solution File, Format Version 12.00
# Visual Studio Version 17
VisualStudioVersion = 17.14.36327.8 d17.14
MinimumVisualStudioVersion = 10.0.40219.1
Project("{FAE04EC0-301F-11D3-BF4B-00C04F79EFBC}") = "CalculatorClient", "CalculatorClient.csproj", "{A656A36A-DBBB-4657-8251-469B65ED45E3}"
EndProject
Global
	GlobalSection(SolutionConfigurationPlatforms) = preSolution
		Debug|Any CPU = Debug|Any CPU
		Release|Any CPU = Release|Any CPU
	EndGlobalSection
	GlobalSection(ProjectConfigurationPlatforms) = postSolution
		{A656A36A-DBBB-4657-8251-469B65ED45E3}.Debug|Any CPU.ActiveCfg = Debug|Any CPU
		{A656A36A-DBBB-4657-8251-469B65ED45E3}.Debug|Any CPU.Build.0 = Debug|Any CPU
		{A656A36A-DBBB-4657-8251-469B65ED45E3}.Release|Any CPU.ActiveCfg = Release|Any CPU
		{A656A36A-DBBB-4657-8251-469B65ED45E3}.Release|Any CPU.Build.0 = Release|Any CPU
	EndGlobalSection
	GlobalSection(SolutionProperties) = preSolution
		HideSolutionNode = FALSE
	EndGlobalSection
	GlobalSection(ExtensibilityGlobals) = postSolution
		SolutionGuid = {5BFF5597-B39E-4ABF-BF3E-4C6B1AA60B2D}
	EndGlobalSection
EndGlobal
